
Microsoft Visual Studio Solution File, Format Version 12.00
# Visual Studio Version 17
VisualStudioVersion = 17.0.31903.59
MinimumVisualStudioVersion = 10.0.40219.1
Project("{9A19103F-16F7-4668-BE54-9A1E7A4F7556}") = "TheCoolestTicTacToe", "TheCoolestTicTacToe\TheCoolestTicTacToe.csproj", "{0427AD43-5A65-4945-B238-289A32988C69}"
EndProject
Project("{FAE04EC0-301F-11D3-BF4B-00C04F79EFBC}") = "GrabTheTreasure", "GrabTheTreasure\GrabTheTreasure.csproj", "{6F526B5F-8F3E-4E46-82E1-9A7338562469}"
EndProject
Project("{FAE04EC0-301F-11D3-BF4B-00C04F79EFBC}") = "MazeRunner", "MazeRunner\MazeRunner.csproj", "{54CCB138-AAC3-4402-A882-132ABDE72198}"
EndProject
Global
	GlobalSection(SolutionConfigurationPlatforms) = preSolution
		Debug|Any CPU = Debug|Any CPU
		Release|Any CPU = Release|Any CPU
	EndGlobalSection
	GlobalSection(ProjectConfigurationPlatforms) = postSolution
		{0427AD43-5A65-4945-B238-289A32988C69}.Debug|Any CPU.ActiveCfg = Debug|Any CPU
		{0427AD43-5A65-4945-B238-289A32988C69}.Debug|Any CPU.Build.0 = Debug|Any CPU
		{0427AD43-5A65-4945-B238-289A32988C69}.Release|Any CPU.ActiveCfg = Release|Any CPU
		{0427AD43-5A65-4945-B238-289A32988C69}.Release|Any CPU.Build.0 = Release|Any CPU
		{6F526B5F-8F3E-4E46-82E1-9A7338562469}.Debug|Any CPU.ActiveCfg = Debug|Any CPU
		{6F526B5F-8F3E-4E46-82E1-9A7338562469}.Debug|Any CPU.Build.0 = Debug|Any CPU
		{6F526B5F-8F3E-4E46-82E1-9A7338562469}.Release|Any CPU.ActiveCfg = Release|Any CPU
		{6F526B5F-8F3E-4E46-82E1-9A7338562469}.Release|Any CPU.Build.0 = Release|Any CPU
		{54CCB138-AAC3-4402-A882-132ABDE72198}.Debug|Any CPU.ActiveCfg = Debug|Any CPU
		{54CCB138-AAC3-4402-A882-132ABDE72198}.Debug|Any CPU.Build.0 = Debug|Any CPU
		{54CCB138-AAC3-4402-A882-132ABDE72198}.Release|Any CPU.ActiveCfg = Release|Any CPU
		{54CCB138-AAC3-4402-A882-132ABDE72198}.Release|Any CPU.Build.0 = Release|Any CPU
	EndGlobalSection
	GlobalSection(SolutionProperties) = preSolution
		HideSolutionNode = FALSE
	EndGlobalSection
	GlobalSection(ExtensibilityGlobals) = postSolution
		SolutionGuid = {BBA6DDB7-4E44-4DDC-A0C8-8DF1FCA2F4C0}
	EndGlobalSection
EndGlobal
