
Microsoft Visual Studio Solution File, Format Version 12.00
# Visual Studio Version 17
VisualStudioVersion = 17.7.34221.43
MinimumVisualStudioVersion = 10.0.40219.1
Project("{FAE04EC0-301F-11D3-BF4B-00C04F79EFBC}") = "Boo", "Boo.csproj", "{51A29252-0687-468B-B709-7F12DDBC9EC2}"
EndProject
Global
	GlobalSection(SolutionConfigurationPlatforms) = preSolution
		Debug|Any CPU = Debug|Any CPU
		Release|Any CPU = Release|Any CPU
	EndGlobalSection
	GlobalSection(ProjectConfigurationPlatforms) = postSolution
		{51A29252-0687-468B-B709-7F12DDBC9EC2}.Debug|Any CPU.ActiveCfg = Debug|Any CPU
		{51A29252-0687-468B-B709-7F12DDBC9EC2}.Debug|Any CPU.Build.0 = Debug|Any CPU
		{51A29252-0687-468B-B709-7F12DDBC9EC2}.Release|Any CPU.ActiveCfg = Release|Any CPU
		{51A29252-0687-468B-B709-7F12DDBC9EC2}.Release|Any CPU.Build.0 = Release|Any CPU
	EndGlobalSection
	GlobalSection(SolutionProperties) = preSolution
		HideSolutionNode = FALSE
	EndGlobalSection
	GlobalSection(ExtensibilityGlobals) = postSolution
		SolutionGuid = {D4FBFC27-E343-4B8E-88C1-F0C7C02FEB0A}
	EndGlobalSection
EndGlobal
